
Microsoft Visual Studio Solution File, Format Version 12.00
# Visual Studio Version 16
VisualStudioVersion = 16.0.30523.141
MinimumVisualStudioVersion = 10.0.40219.1
Project("{FAE04EC0-301F-11D3-BF4B-00C04F79EFBC}") = "FinalProfra", "FinalProfra\FinalProfra.csproj", "{45A7C844-8B84-4BEC-AA3C-6E3D3C5CC069}"
EndProject
Global
	GlobalSection(SolutionConfigurationPlatforms) = preSolution
		Debug|Any CPU = Debug|Any CPU
		Release|Any CPU = Release|Any CPU
	EndGlobalSection
	GlobalSection(ProjectConfigurationPlatforms) = postSolution
		{45A7C844-8B84-4BEC-AA3C-6E3D3C5CC069}.Debug|Any CPU.ActiveCfg = Debug|Any CPU
		{45A7C844-8B84-4BEC-AA3C-6E3D3C5CC069}.Debug|Any CPU.Build.0 = Debug|Any CPU
		{45A7C844-8B84-4BEC-AA3C-6E3D3C5CC069}.Release|Any CPU.ActiveCfg = Release|Any CPU
		{45A7C844-8B84-4BEC-AA3C-6E3D3C5CC069}.Release|Any CPU.Build.0 = Release|Any CPU
	EndGlobalSection
	GlobalSection(SolutionProperties) = preSolution
		HideSolutionNode = FALSE
	EndGlobalSection
	GlobalSection(ExtensibilityGlobals) = postSolution
		SolutionGuid = {D6E0D742-50F6-4A8B-9F01-631068D3D502}
	EndGlobalSection
EndGlobal
